lockVersion: 2.0.0
id: 3e3290ca-0ee8-4981-b1bc-14536048fa63
generatedTests:
    activity: "2025-04-28T22:05:12+01:00"
    addcollectionitems: "2025-04-28T22:05:12+01:00"
    addcredential: "2025-04-28T22:05:12+01:00"
    addverificationreminder: "2025-04-28T22:05:12+01:00"
    adminsearch: "2025-04-28T22:05:12+01:00"
    ask: "2025-04-28T22:05:12+01:00"
    autocomplete: "2025-04-28T22:05:12+01:00"
    chat: "2025-04-28T22:05:12+01:00"
    chatStream: "2025-05-06T15:06:13Z"
    createAndStreamRun: "2025-05-16T18:16:19Z"
    createAndWaitRun: "2025-05-16T18:16:19Z"
    createannouncement: "2025-04-28T22:05:12+01:00"
    createanonymoustoken: "2025-04-28T22:05:12+01:00"
    createanswerboard: "2025-04-28T22:05:12+01:00"
    createauthtoken: "2025-04-28T22:05:12+01:00"
    createdisplayablelists: "2025-04-28T22:05:12+01:00"
    createdraftannouncement: "2025-04-28T22:05:12+01:00"
    createpolicy: "2025-05-16T18:16:19Z"
    createreport: "2025-05-16T18:16:19Z"
    deleteallchats: "2025-04-28T22:05:12+01:00"
    deleteannouncement: "2025-04-28T22:05:12+01:00"
    deleteanswer: "2025-04-28T22:05:12+01:00"
    deleteanswerboards: "2025-04-28T22:05:12+01:00"
    deletechatfiles: "2025-04-28T22:05:12+01:00"
    deletechats: "2025-04-28T22:05:12+01:00"
    deletecollection: "2025-04-28T22:05:12+01:00"
    deletecollectionitem: "2025-04-28T22:05:12+01:00"
    deletedisplayablelists: "2025-04-28T22:05:12+01:00"
    deletedraftannouncement: "2025-04-28T22:05:12+01:00"
    deletequeryhistory: "2025-04-28T22:05:12+01:00"
    deleteshortcut: "2025-04-28T22:05:12+01:00"
    downloadpolicycsv: "2025-05-16T18:16:19Z"
    downloadreportcsv: "2025-05-16T18:16:19Z"
    editanswerboard: "2025-04-28T22:05:12+01:00"
    editcollectionitem: "2025-04-28T22:05:12+01:00"
    editdocumentcollections: "2025-04-28T22:05:12+01:00"
    editpin: "2025-04-28T22:05:12+01:00"
    feed: "2025-04-28T22:05:12+01:00"
    feedback: "2025-04-28T22:05:12+01:00"
    get_/rest/api/v1/tools/list: "2025-05-23T19:26:06Z"
    getAgent: "2025-05-16T18:16:19Z"
    getAgentSchemas: "2025-05-16T18:16:19Z"
    getagentinputs: "2025-04-28T22:05:12+01:00"
    getannouncement: "2025-04-28T22:05:12+01:00"
    getanswer: "2025-04-28T22:05:12+01:00"
    getanswerboard: "2025-04-28T22:05:12+01:00"
    getchat: "2025-04-28T22:05:12+01:00"
    getchatapplication: "2025-04-28T22:05:12+01:00"
    getchatfiles: "2025-04-28T22:05:12+01:00"
    getcollection: "2025-04-28T22:05:12+01:00"
    getdisplayablelists: "2025-04-28T22:05:12+01:00"
    getdocpermissions: "2025-04-28T22:05:12+01:00"
    getdocumentanalytics: "2025-04-28T22:05:12+01:00"
    getdocuments: "2025-04-28T22:05:12+01:00"
    getdocumentsbyfacets: "2025-04-28T22:05:12+01:00"
    getdocvisibility: "2025-05-16T18:16:19Z"
    getdraftannouncement: "2025-04-28T22:05:12+01:00"
    getevents: "2025-04-28T22:05:12+01:00"
    getpin: "2025-04-28T22:05:12+01:00"
    getpolicies: "2025-05-16T18:16:19Z"
    getpolicy: "2025-05-16T18:16:19Z"
    getreportstatus: "2025-05-16T18:16:19Z"
    getshortcut: "2025-04-28T22:05:12+01:00"
    getsimilarshortcuts: "2025-04-28T22:05:12+01:00"
    images: "2025-04-28T22:05:12+01:00"
    insights: "2025-04-28T22:05:12+01:00"
    invite: "2025-04-28T22:05:12+01:00"
    listagents: "2025-04-28T22:05:12+01:00"
    listannouncements: "2025-04-28T22:05:12+01:00"
    listanswerboards: "2025-04-28T22:05:12+01:00"
    listanswers: "2025-04-28T22:05:12+01:00"
    listchats: "2025-04-28T22:05:12+01:00"
    listcollections: "2025-04-28T22:05:12+01:00"
    listentities: "2025-04-28T22:05:12+01:00"
    listpins: "2025-04-28T22:05:12+01:00"
    listpolicies: "2025-05-23T19:26:06Z"
    listshortcuts: "2025-04-28T22:05:12+01:00"
    listverifications: "2025-04-28T22:05:12+01:00"
    messages: "2025-04-28T22:05:12+01:00"
    movecollectionitem: "2025-04-28T22:05:12+01:00"
    people: "2025-04-28T22:05:12+01:00"
    peoplesuggest: "2025-04-28T22:05:12+01:00"
    peoplesuggestadmin: "2025-04-28T22:05:12+01:00"
    pin: "2025-04-28T22:05:12+01:00"
    pincollection: "2025-04-28T22:05:12+01:00"
    post_/api/index/v1/adddatasource: "2025-04-28T22:05:12+01:00"
    post_/api/index/v1/betausers: "2025-04-28T22:05:12+01:00"
    post_/api/index/v1/bulkindexdocuments: "2025-04-28T22:05:12+01:00"
    post_/api/index/v1/bulkindexgroups: "2025-04-28T22:05:12+01:00"
    post_/api/index/v1/bulkindexmemberships: "2025-04-28T22:05:12+01:00"
    post_/api/index/v1/bulkindexusers: "2025-04-28T22:05:12+01:00"
    post_/api/index/v1/checkdocumentaccess: "2025-04-28T22:05:12+01:00"
    post_/api/index/v1/debug/{datasource}/status: "2025-04-28T22:05:12+01:00"
    post_/api/index/v1/deletedocument: "2025-04-28T22:05:12+01:00"
    post_/api/index/v1/deletegroup: "2025-04-28T22:05:12+01:00"
    post_/api/index/v1/deletemembership: "2025-04-28T22:05:12+01:00"
    post_/api/index/v1/deleteuser: "2025-04-28T22:05:12+01:00"
    post_/api/index/v1/getdatasourceconfig: "2025-04-28T22:05:12+01:00"
    post_/api/index/v1/getdocumentcount: "2025-04-28T22:05:12+01:00"
    post_/api/index/v1/getdocumentstatus: "2025-04-28T22:05:12+01:00"
    post_/api/index/v1/getusercount: "2025-04-28T22:05:12+01:00"
    post_/api/index/v1/indexdocument: "2025-04-28T22:05:12+01:00"
    post_/api/index/v1/indexdocuments: "2025-04-28T22:05:12+01:00"
    post_/api/index/v1/indexgroup: "2025-04-28T22:05:12+01:00"
    post_/api/index/v1/indexmembership: "2025-04-28T22:05:12+01:00"
    post_/api/index/v1/indexuser: "2025-04-28T22:05:12+01:00"
    post_/api/index/v1/processalldocuments: "2025-04-28T22:05:12+01:00"
    post_/api/index/v1/processallemployeesandteams: "2025-04-28T22:05:12+01:00"
    post_/api/index/v1/processallmemberships: "2025-04-28T22:05:12+01:00"
    post_/api/index/v1/rotatetoken: "2025-04-28T22:05:12+01:00"
    post_/api/index/v1/updatepermissions: "2025-04-28T22:05:12+01:00"
    post_/rest/api/v1/tools/call: "2025-05-23T19:26:06Z"
    previewannouncement: "2025-04-28T22:05:12+01:00"
    previewannouncementdraft: "2025-04-28T22:05:12+01:00"
    previewanswer: "2025-04-28T22:05:12+01:00"
    previewanswerdraft: "2025-04-28T22:05:12+01:00"
    previewshortcut: "2025-04-28T22:05:12+01:00"
    publicconfig: "2025-04-28T22:05:12+01:00"
    publishdraftannouncement: "2025-04-28T22:05:12+01:00"
    recommendations: "2025-04-28T22:05:12+01:00"
    removecredential: "2025-04-28T22:05:12+01:00"
    runagent: "2025-04-28T22:05:12+01:00"
    search: "2025-04-28T22:05:12+01:00"
    searchAgents: "2025-05-16T18:16:19Z"
    setdocvisibility: "2025-05-16T18:16:19Z"
    summarize: "2025-04-28T22:05:12+01:00"
    support_email: "2025-04-28T22:05:12+01:00"
    teams: "2025-04-28T22:05:12+01:00"
    unpin: "2025-04-28T22:05:12+01:00"
    unpublishannouncement: "2025-04-28T22:05:12+01:00"
    updateannouncement: "2025-04-28T22:05:12+01:00"
    updateanswerlikes: "2025-04-28T22:05:12+01:00"
    updatedisplayablelists: "2025-04-28T22:05:12+01:00"
    updatedraftannouncement: "2025-04-28T22:05:12+01:00"
    uploadchatfiles: "2025-04-28T22:05:12+01:00"
    uploadimage: "2025-04-28T22:05:12+01:00"
    verify: "2025-04-28T22:05:12+01:00"
