speakeasyVersion: 1.796.4
sources:
    Glean API:
        sourceNamespace: glean-api-specs
        sourceRevisionDigest: sha256:8f19b404373679d7d3ca1b003102e56f23a84e72b0564fe8609c73edc3d1f7a7
        sourceBlobDigest: sha256:dd59024c27d1072f61d1d2c6c9c5ffc23292d9761ba0cf5899b8a104fc5d1d83
        tags:
            - latest
    Glean Client API:
        sourceNamespace: glean-client-api
        sourceRevisionDigest: sha256:4edc63ad559e4f2c9fb9ebf5edaaaaa9269f1874d271cfd84b441d6dacac43d2
        sourceBlobDigest: sha256:caa5ffc81b230bfbba8f7861b0eac961f47c18be02a5cf1d4f7bd51bc734c419
        tags:
            - latest
targets:
    glean:
        source: Glean API
        sourceNamespace: glean-api-specs
        sourceRevisionDigest: sha256:8f19b404373679d7d3ca1b003102e56f23a84e72b0564fe8609c73edc3d1f7a7
        sourceBlobDigest: sha256:dd59024c27d1072f61d1d2c6c9c5ffc23292d9761ba0cf5899b8a104fc5d1d83
        codeSamplesNamespace: glean-api-specs-python-code-samples
        codeSamplesRevisionDigest: sha256:9812f3df6c7e985bf52b7f3637d68c924e072cc881b472ae54d3954e6c9ce999
workflow:
    workflowVersion: 1.0.0
    speakeasyVersion: latest
    sources:
        Glean API:
            inputs:
                - location: registry.speakeasyapi.dev/glean-el2/sdk/glean-api-specs
            output: .speakeasy/glean-merged-spec.yaml
    targets:
        glean:
            target: python
            source: Glean API
            publish:
                pypi:
                    token: $pypi_token
            codeSamples:
                registry:
                    location: registry.speakeasyapi.dev/glean-el2/sdk/glean-api-specs-python-code-samples
                labelOverride:
                    fixedValue: Python (API Client)
                blocking: false
            testing:
                enabled: true
