speakeasyVersion: 1.650.0
sources:
    Glean API:
        sourceNamespace: glean-api-specs
        sourceRevisionDigest: sha256:6f9910793780bd1b1f12c0698e49f52a9b60261047857bfdf39cabc5c89b01e2
        sourceBlobDigest: sha256:554d445627a5ae55d7b3c7dce823b7a8462b536e2a58286a0d0ada562dd056a1
        tags:
            - latest
            - speakeasy-sdk-regen-1763452922
    Glean Client API:
        sourceNamespace: glean-client-api
        sourceRevisionDigest: sha256:4edc63ad559e4f2c9fb9ebf5edaaaaa9269f1874d271cfd84b441d6dacac43d2
        sourceBlobDigest: sha256:caa5ffc81b230bfbba8f7861b0eac961f47c18be02a5cf1d4f7bd51bc734c419
        tags:
            - latest
targets:
    glean:
        source: Glean API
        sourceNamespace: glean-api-specs
        sourceRevisionDigest: sha256:6f9910793780bd1b1f12c0698e49f52a9b60261047857bfdf39cabc5c89b01e2
        sourceBlobDigest: sha256:554d445627a5ae55d7b3c7dce823b7a8462b536e2a58286a0d0ada562dd056a1
        codeSamplesNamespace: glean-api-specs-python-code-samples
        codeSamplesRevisionDigest: sha256:249058338673fc555a3a1a8fe9b674de7e55857120a2c97efff51cd3162ffa1d
workflow:
    workflowVersion: 1.0.0
    speakeasyVersion: latest
    sources:
        Glean API:
            inputs:
                - location: registry.speakeasyapi.dev/glean-el2/sdk/glean-api-specs
            output: .speakeasy/glean-merged-spec.yaml
    targets:
        glean:
            target: python
            source: Glean API
            publish:
                pypi:
                    token: $pypi_token
            codeSamples:
                registry:
                    location: registry.speakeasyapi.dev/glean-el2/sdk/glean-api-specs-python-code-samples
                labelOverride:
                    fixedValue: Python (API Client)
                blocking: false
            testing:
                enabled: true
